
Microsoft Visual Studio Solution File, Format Version 12.00
# Visual Studio Version 16
VisualStudioVersion = 16.0.31729.503
MinimumVisualStudioVersion = 10.0.40219.1
Project("{FAE04EC0-301F-11D3-BF4B-00C04F79EFBC}") = "AddressBook2", "AddressBook2\AddressBook2.csproj", "{D9CF33B4-48BA-4A36-83A9-BD66DCBF18EF}"
EndProject
Global
	GlobalSection(SolutionConfigurationPlatforms) = preSolution
		Debug|Any CPU = Debug|Any CPU
		Release|Any CPU = Release|Any CPU
	EndGlobalSection
	GlobalSection(ProjectConfigurationPlatforms) = postSolution
		{D9CF33B4-48BA-4A36-83A9-BD66DCBF18EF}.Debug|Any CPU.ActiveCfg = Debug|Any CPU
		{D9CF33B4-48BA-4A36-83A9-BD66DCBF18EF}.Debug|Any CPU.Build.0 = Debug|Any CPU
		{D9CF33B4-48BA-4A36-83A9-BD66DCBF18EF}.Release|Any CPU.ActiveCfg = Release|Any CPU
		{D9CF33B4-48BA-4A36-83A9-BD66DCBF18EF}.Release|Any CPU.Build.0 = Release|Any CPU
	EndGlobalSection
	GlobalSection(SolutionProperties) = preSolution
		HideSolutionNode = FALSE
	EndGlobalSection
	GlobalSection(ExtensibilityGlobals) = postSolution
		SolutionGuid = {F5051593-8FFB-4F46-9E0E-3DC583ED1EF4}
	EndGlobalSection
EndGlobal
